// !$*UTF8*$!
{
	archiveVersion = 1;
	classes = {
	};
	objectVersion = 56;
	objects = {

/* Begin PBXBuildFile section */
		574253312AA2DA2F0015A9C6 /* NewsApp.swift in Sources */ = {isa = PBXBuildFile; fileRef = 574253302AA2DA2F0015A9C6 /* NewsApp.swift */; };
		574253332AA2DA2F0015A9C6 /* ContentView.swift in Sources */ = {isa = PBXBuildFile; fileRef = 574253322AA2DA2F0015A9C6 /* ContentView.swift */; };
		574253352AA2DA310015A9C6 /* Assets.xcassets in Resources */ = {isa = PBXBuildFile; fileRef = 574253342AA2DA310015A9C6 /* Assets.xcassets */; };
		574253382AA2DA310015A9C6 /* Preview Assets.xcassets in Resources */ = {isa = PBXBuildFile; fileRef = 574253372AA2DA310015A9C6 /* Preview Assets.xcassets */; };
		574253422AA2DA310015A9C6 /* NewsTests.swift in Sources */ = {isa = PBXBuildFile; fileRef = 574253412AA2DA310015A9C6 /* NewsTests.swift */; };
		5742534C2AA2DA310015A9C6 /* NewsUITests.swift in Sources */ = {isa = PBXBuildFile; fileRef = 5742534B2AA2DA310015A9C6 /* NewsUITests.swift */; };
		5742534E2AA2DA310015A9C6 /* NewsUITestsLaunchTests.swift in Sources */ = {isa = PBXBuildFile; fileRef = 5742534D2AA2DA310015A9C6 /* NewsUITestsLaunchTests.swift */; };
		5742535B2AA2DB0C0015A9C6 /* ListCell.swift in Sources */ = {isa = PBXBuildFile; fileRef = 5742535A2AA2DB0C0015A9C6 /* ListCell.swift */; };
		5742535D2AA2DF240015A9C6 /* NetworkManager.swift in Sources */ = {isa = PBXBuildFile; fileRef = 5742535C2AA2DF240015A9C6 /* NetworkManager.swift */; };
		5742535F2AA2DFCF0015A9C6 /* NetworkService.swift in Sources */ = {isa = PBXBuildFile; fileRef = 5742535E2AA2DFCF0015A9C6 /* NetworkService.swift */; };
		574253612AA2E01B0015A9C6 /* News.swift in Sources */ = {isa = PBXBuildFile; fileRef = 574253602AA2E01B0015A9C6 /* News.swift */; };
		574253632AA2E21F0015A9C6 /* NewViewModel.swift in Sources */ = {isa = PBXBuildFile; fileRef = 574253622AA2E21F0015A9C6 /* NewViewModel.swift */; };
/* End PBXBuildFile section */

/* Begin PBXContainerItemProxy section */
		5742533E2AA2DA310015A9C6 /* PBXContainerItemProxy */ = {
			isa = PBXContainerItemProxy;
			containerPortal = 574253252AA2DA2F0015A9C6 /* Project object */;
			proxyType = 1;
			remoteGlobalIDString = 5742532C2AA2DA2F0015A9C6;
			remoteInfo = News;
		};
		574253482AA2DA310015A9C6 /* PBXContainerItemProxy */ = {
			isa = PBXContainerItemProxy;
			containerPortal = 574253252AA2DA2F0015A9C6 /* Project object */;
			proxyType = 1;
			remoteGlobalIDString = 5742532C2AA2DA2F0015A9C6;
			remoteInfo = News;
		};
/* End PBXContainerItemProxy section */

/* Begin PBXFileReference section */
		5742532D2AA2DA2F0015A9C6 /* News.app */ = {isa = PBXFileReference; explicitFileType = wrapper.application; includeInIndex = 0; path = News.app; sourceTree = BUILT_PRODUCTS_DIR; };
		574253302AA2DA2F0015A9C6 /* NewsApp.swift */ = {isa = PBXFileReference; lastKnownFileType = sourcecode.swift; path = NewsApp.swift; sourceTree = "<group>"; };
		574253322AA2DA2F0015A9C6 /* ContentView.swift */ = {isa = PBXFileReference; lastKnownFileType = sourcecode.swift; path = ContentView.swift; sourceTree = "<group>"; };
		574253342AA2DA310015A9C6 /* Assets.xcassets */ = {isa = PBXFileReference; lastKnownFileType = folder.assetcatalog; path = Assets.xcassets; sourceTree = "<group>"; };
		574253372AA2DA310015A9C6 /* Preview Assets.xcassets */ = {isa = PBXFileReference; lastKnownFileType = folder.assetcatalog; path = "Preview Assets.xcassets"; sourceTree = "<group>"; };
		5742533D2AA2DA310015A9C6 /* NewsTests.xctest */ = {isa = PBXFileReference; explicitFileType = wrapper.cfbundle; includeInIndex = 0; path = NewsTests.xctest; sourceTree = BUILT_PRODUCTS_DIR; };
		574253412AA2DA310015A9C6 /* NewsTests.swift */ = {isa = PBXFileReference; lastKnownFileType = sourcecode.swift; path = NewsTests.swift; sourceTree = "<group>"; };
		574253472AA2DA310015A9C6 /* NewsUITests.xctest */ = {isa = PBXFileReference; explicitFileType = wrapper.cfbundle; includeInIndex = 0; path = NewsUITests.xctest; sourceTree = BUILT_PRODUCTS_DIR; };
		5742534B2AA2DA310015A9C6 /* NewsUITests.swift */ = {isa = PBXFileReference; lastKnownFileType = sourcecode.swift; path = NewsUITests.swift; sourceTree = "<group>"; };
		5742534D2AA2DA310015A9C6 /* NewsUITestsLaunchTests.swift */ = {isa = PBXFileReference; lastKnownFileType = sourcecode.swift; path = NewsUITestsLaunchTests.swift; sourceTree = "<group>"; };
		5742535A2AA2DB0C0015A9C6 /* ListCell.swift */ = {isa = PBXFileReference; lastKnownFileType = sourcecode.swift; path = ListCell.swift; sourceTree = "<group>"; };
		5742535C2AA2DF240015A9C6 /* NetworkManager.swift */ = {isa = PBXFileReference; lastKnownFileType = sourcecode.swift; path = NetworkManager.swift; sourceTree = "<group>"; };
		5742535E2AA2DFCF0015A9C6 /* NetworkService.swift */ = {isa = PBXFileReference; lastKnownFileType = sourcecode.swift; path = NetworkService.swift; sourceTree = "<group>"; };
		574253602AA2E01B0015A9C6 /* News.swift */ = {isa = PBXFileReference; lastKnownFileType = sourcecode.swift; path = News.swift; sourceTree = "<group>"; };
		574253622AA2E21F0015A9C6 /* NewViewModel.swift */ = {isa = PBXFileReference; lastKnownFileType = sourcecode.swift; path = NewViewModel.swift; sourceTree = "<group>"; };
/* End PBXFileReference section */

/* Begin PBXFrameworksBuildPhase section */
		5742532A2AA2DA2F0015A9C6 /* Frameworks */ = {
			isa = PBXFrameworksBuildPhase;
			buildActionMask = 2147483647;
			files = (
			);
			runOnlyForDeploymentPostprocessing = 0;
		};
		5742533A2AA2DA310015A9C6 /* Frameworks */ = {
			isa = PBXFrameworksBuildPhase;
			buildActionMask = 2147483647;
			files = (
			);
			runOnlyForDeploymentPostprocessing = 0;
		};
		574253442AA2DA310015A9C6 /* Frameworks */ = {
			isa = PBXFrameworksBuildPhase;
			buildActionMask = 2147483647;
			files = (
			);
			runOnlyForDeploymentPostprocessing = 0;
		};
/* End PBXFrameworksBuildPhase section */

/* Begin PBXGroup section */
		574253242AA2DA2F0015A9C6 = {
			isa = PBXGroup;
			children = (
				5742532F2AA2DA2F0015A9C6 /* News */,
				574253402AA2DA310015A9C6 /* NewsTests */,
				5742534A2AA2DA310015A9C6 /* NewsUITests */,
				5742532E2AA2DA2F0015A9C6 /* Products */,
			);
			sourceTree = "<group>";
		};
		5742532E2AA2DA2F0015A9C6 /* Products */ = {
			isa = PBXGroup;
			children = (
				5742532D2AA2DA2F0015A9C6 /* News.app */,
				5742533D2AA2DA310015A9C6 /* NewsTests.xctest */,
				574253472AA2DA310015A9C6 /* NewsUITests.xctest */,
			);
			name = Products;
			sourceTree = "<group>";
		};
		5742532F2AA2DA2F0015A9C6 /* News */ = {
			isa = PBXGroup;
			children = (
				574253302AA2DA2F0015A9C6 /* NewsApp.swift */,
				574253322AA2DA2F0015A9C6 /* ContentView.swift */,
				5742535A2AA2DB0C0015A9C6 /* ListCell.swift */,
				5742535C2AA2DF240015A9C6 /* NetworkManager.swift */,
				5742535E2AA2DFCF0015A9C6 /* NetworkService.swift */,
				574253622AA2E21F0015A9C6 /* NewViewModel.swift */,
				574253602AA2E01B0015A9C6 /* News.swift */,
				574253342AA2DA310015A9C6 /* Assets.xcassets */,
				574253362AA2DA310015A9C6 /* Preview Content */,
			);
			path = News;
			sourceTree = "<group>";
		};
		574253362AA2DA310015A9C6 /* Preview Content */ = {
			isa = PBXGroup;
			children = (
				574253372AA2DA310015A9C6 /* Preview Assets.xcassets */,
			);
			path = "Preview Content";
			sourceTree = "<group>";
		};
		574253402AA2DA310015A9C6 /* NewsTests */ = {
			isa = PBXGroup;
			children = (
				574253412AA2DA310015A9C6 /* NewsTests.swift */,
			);
			path = NewsTests;
			sourceTree = "<group>";
		};
		5742534A2AA2DA310015A9C6 /* NewsUITests */ = {
			isa = PBXGroup;
			children = (
				5742534B2AA2DA310015A9C6 /* NewsUITests.swift */,
				5742534D2AA2DA310015A9C6 /* NewsUITestsLaunchTests.swift */,
			);
			path = NewsUITests;
			sourceTree = "<group>";
		};
/* End PBXGroup section */

/* Begin PBXNativeTarget section */
		5742532C2AA2DA2F0015A9C6 /* News */ = {
			isa = PBXNativeTarget;
			buildConfigurationList = 574253512AA2DA310015A9C6 /* Build configuration list for PBXNativeTarget "News" */;
			buildPhases = (
				574253292AA2DA2F0015A9C6 /* Sources */,
				5742532A2AA2DA2F0015A9C6 /* Frameworks */,
				5742532B2AA2DA2F0015A9C6 /* Resources */,
			);
			buildRules = (
			);
			dependencies = (
			);
			name = News;
			productName = News;
			productReference = 5742532D2AA2DA2F0015A9C6 /* News.app */;
			productType = "com.apple.product-type.application";
		};
		5742533C2AA2DA310015A9C6 /* NewsTests */ = {
			isa = PBXNativeTarget;
			buildConfigurationList = 574253542AA2DA310015A9C6 /* Build configuration list for PBXNativeTarget "NewsTests" */;
			buildPhases = (
				574253392AA2DA310015A9C6 /* Sources */,
				5742533A2AA2DA310015A9C6 /* Frameworks */,
				5742533B2AA2DA310015A9C6 /* Resources */,
			);
			buildRules = (
			);
			dependencies = (
				5742533F2AA2DA310015A9C6 /* PBXTargetDependency */,
			);
			name = NewsTests;
			productName = NewsTests;
			productReference = 5742533D2AA2DA310015A9C6 /* NewsTests.xctest */;
			productType = "com.apple.product-type.bundle.unit-test";
		};
		574253462AA2DA310015A9C6 /* NewsUITests */ = {
			isa = PBXNativeTarget;
			buildConfigurationList = 574253572AA2DA310015A9C6 /* Build configuration list for PBXNativeTarget "NewsUITests" */;
			buildPhases = (
				574253432AA2DA310015A9C6 /* Sources */,
				574253442AA2DA310015A9C6 /* Frameworks */,
				574253452AA2DA310015A9C6 /* Resources */,
			);
			buildRules = (
			);
			dependencies = (
				574253492AA2DA310015A9C6 /* PBXTargetDependency */,
			);
			name = NewsUITests;
			productName = NewsUITests;
			productReference = 574253472AA2DA310015A9C6 /* NewsUITests.xctest */;
			productType = "com.apple.product-type.bundle.ui-testing";
		};
/* End PBXNativeTarget section */

/* Begin PBXProject section */
		574253252AA2DA2F0015A9C6 /* Project object */ = {
			isa = PBXProject;
			attributes = {
				BuildIndependentTargetsInParallel = 1;
				LastSwiftUpdateCheck = 1430;
				LastUpgradeCheck = 1430;
				TargetAttributes = {
					5742532C2AA2DA2F0015A9C6 = {
						CreatedOnToolsVersion = 14.3.1;
					};
					5742533C2AA2DA310015A9C6 = {
						CreatedOnToolsVersion = 14.3.1;
						TestTargetID = 5742532C2AA2DA2F0015A9C6;
					};
					574253462AA2DA310015A9C6 = {
						CreatedOnToolsVersion = 14.3.1;
						TestTargetID = 5742532C2AA2DA2F0015A9C6;
					};
				};
			};
			buildConfigurationList = 574253282AA2DA2F0015A9C6 /* Build configuration list for PBXProject "News" */;
			compatibilityVersion = "Xcode 14.0";
			developmentRegion = en;
			hasScannedForEncodings = 0;
			knownRegions = (
				en,
				Base,
			);
			mainGroup = 574253242AA2DA2F0015A9C6;
			productRefGroup = 5742532E2AA2DA2F0015A9C6 /* Products */;
			projectDirPath = "";
			projectRoot = "";
			targets = (
				5742532C2AA2DA2F0015A9C6 /* News */,
				5742533C2AA2DA310015A9C6 /* NewsTests */,
				574253462AA2DA310015A9C6 /* NewsUITests */,
			);
		};
/* End PBXProject section */

/* Begin PBXResourcesBuildPhase section */
		5742532B2AA2DA2F0015A9C6 /* Resources */ = {
			isa = PBXResourcesBuildPhase;
			buildActionMask = 2147483647;
			files = (
				574253382AA2DA310015A9C6 /* Preview Assets.xcassets in Resources */,
				574253352AA2DA310015A9C6 /* Assets.xcassets in Resources */,
			);
			runOnlyForDeploymentPostprocessing = 0;
		};
		5742533B2AA2DA310015A9C6 /* Resources */ = {
			isa = PBXResourcesBuildPhase;
			buildActionMask = 2147483647;
			files = (
			);
			runOnlyForDeploymentPostprocessing = 0;
		};
		574253452AA2DA310015A9C6 /* Resources */ = {
			isa = PBXResourcesBuildPhase;
			buildActionMask = 2147483647;
			files = (
			);
			runOnlyForDeploymentPostprocessing = 0;
		};
/* End PBXResourcesBuildPhase section */

/* Begin PBXSourcesBuildPhase section */
		574253292AA2DA2F0015A9C6 /* Sources */ = {
			isa = PBXSourcesBuildPhase;
			buildActionMask = 2147483647;
			files = (
				574253632AA2E21F0015A9C6 /* NewViewModel.swift in Sources */,
				574253612AA2E01B0015A9C6 /* News.swift in Sources */,
				5742535F2AA2DFCF0015A9C6 /* NetworkService.swift in Sources */,
				5742535D2AA2DF240015A9C6 /* NetworkManager.swift in Sources */,
				5742535B2AA2DB0C0015A9C6 /* ListCell.swift in Sources */,
				574253332AA2DA2F0015A9C6 /* ContentView.swift in Sources */,
				574253312AA2DA2F0015A9C6 /* NewsApp.swift in Sources */,
			);
			runOnlyForDeploymentPostprocessing = 0;
		};
		574253392AA2DA310015A9C6 /* Sources */ = {
			isa = PBXSourcesBuildPhase;
			buildActionMask = 2147483647;
			files = (
				574253422AA2DA310015A9C6 /* NewsTests.swift in Sources */,
			);
			runOnlyForDeploymentPostprocessing = 0;
		};
		574253432AA2DA310015A9C6 /* Sources */ = {
			isa = PBXSourcesBuildPhase;
			buildActionMask = 2147483647;
			files = (
				5742534C2AA2DA310015A9C6 /* NewsUITests.swift in Sources */,
				5742534E2AA2DA310015A9C6 /* NewsUITestsLaunchTests.swift in Sources */,
			);
			runOnlyForDeploymentPostprocessing = 0;
		};
/* End PBXSourcesBuildPhase section */

/* Begin PBXTargetDependency section */
		5742533F2AA2DA310015A9C6 /* PBXTargetDependency */ = {
			isa = PBXTargetDependency;
			target = 5742532C2AA2DA2F0015A9C6 /* News */;
			targetProxy = 5742533E2AA2DA310015A9C6 /* PBXContainerItemProxy */;
		};
		574253492AA2DA310015A9C6 /* PBXTargetDependency */ = {
			isa = PBXTargetDependency;
			target = 5742532C2AA2DA2F0015A9C6 /* News */;
			targetProxy = 574253482AA2DA310015A9C6 /* PBXContainerItemProxy */;
		};
/* End PBXTargetDependency section */

/* Begin XCBuildConfiguration section */
		5742534F2AA2DA310015A9C6 /* Debug */ = {
			isa = XCBuildConfiguration;
			buildSettings = {
				ALWAYS_SEARCH_USER_PATHS = NO;
				CLANG_ANALYZER_NONNULL = YES;
				CLANG_ANALYZER_NUMBER_OBJECT_CONVERSION = YES_AGGRESSIVE;
				CLANG_CXX_LANGUAGE_STANDARD = "gnu++20";
				CLANG_ENABLE_MODULES = YES;
				CLANG_ENABLE_OBJC_ARC = YES;
				CLANG_ENABLE_OBJC_WEAK = YES;
				CLANG_WARN_BLOCK_CAPTURE_AUTORELEASING = YES;
				CLANG_WARN_BOOL_CONVERSION = YES;
				CLANG_WARN_COMMA = YES;
				CLANG_WARN_CONSTANT_CONVERSION = YES;
				CLANG_WARN_DEPRECATED_OBJC_IMPLEMENTATIONS = YES;
				CLANG_WARN_DIRECT_OBJC_ISA_USAGE = YES_ERROR;
				CLANG_WARN_DOCUMENTATION_COMMENTS = YES;
				CLANG_WARN_EMPTY_BODY = YES;
				CLANG_WARN_ENUM_CONVERSION = YES;
				CLANG_WARN_INFINITE_RECURSION = YES;
				CLANG_WARN_INT_CONVERSION = YES;
				CLANG_WARN_NON_LITERAL_NULL_CONVERSION = YES;
				CLANG_WARN_OBJC_IMPLICIT_RETAIN_SELF = YES;
				CLANG_WARN_OBJC_LITERAL_CONVERSION = YES;
				CLANG_WARN_OBJC_ROOT_CLASS = YES_ERROR;
				CLANG_WARN_QUOTED_INCLUDE_IN_FRAMEWORK_HEADER = YES;
				CLANG_WARN_RANGE_LOOP_ANALYSIS = YES;
				CLANG_WARN_STRICT_PROTOTYPES = YES;
				CLANG_WARN_SUSPICIOUS_MOVE = YES;
				CLANG_WARN_UNGUARDED_AVAILABILITY = YES_AGGRESSIVE;
				CLANG_WARN_UNREACHABLE_CODE = YES;
				CLANG_WARN__DUPLICATE_METHOD_MATCH = YES;
				COPY_PHASE_STRIP = NO;
				DEBUG_INFORMATION_FORMAT = dwarf;
				ENABLE_STRICT_OBJC_MSGSEND = YES;
				ENABLE_TESTABILITY = YES;
				GCC_C_LANGUAGE_STANDARD = gnu11;
				GCC_DYNAMIC_NO_PIC = NO;
				GCC_NO_COMMON_BLOCKS = YES;
				GCC_OPTIMIZATION_LEVEL = 0;
				GCC_PREPROCESSOR_DEFINITIONS = (
					"DEBUG=1",
					"$(inherited)",
				);
				GCC_WARN_64_TO_32_BIT_CONVERSION = YES;
				GCC_WARN_ABOUT_RETURN_TYPE = YES_ERROR;
				GCC_WARN_UNDECLARED_SELECTOR = YES;
				GCC_WARN_UNINITIALIZED_AUTOS = YES_AGGRESSIVE;
				GCC_WARN_UNUSED_FUNCTION = YES;
				GCC_WARN_UNUSED_VARIABLE = YES;
				IPHONEOS_DEPLOYMENT_TARGET = 16.4;
				MTL_ENABLE_DEBUG_INFO = INCLUDE_SOURCE;
				MTL_FAST_MATH = YES;
				ONLY_ACTIVE_ARCH = YES;
				SDKROOT = iphoneos;
				SWIFT_ACTIVE_COMPILATION_CONDITIONS = DEBUG;
				SWIFT_OPTIMIZATION_LEVEL = "-Onone";
			};
			name = Debug;
		};
		574253502AA2DA310015A9C6 /* Release */ = {
			isa = XCBuildConfiguration;
			buildSettings = {
				ALWAYS_SEARCH_USER_PATHS = NO;
				CLANG_ANALYZER_NONNULL = YES;
				CLANG_ANALYZER_NUMBER_OBJECT_CONVERSION = YES_AGGRESSIVE;
				CLANG_CXX_LANGUAGE_STANDARD = "gnu++20";
				CLANG_ENABLE_MODULES = YES;
				CLANG_ENABLE_OBJC_ARC = YES;
				CLANG_ENABLE_OBJC_WEAK = YES;
				CLANG_WARN_BLOCK_CAPTURE_AUTORELEASING = YES;
				CLANG_WARN_BOOL_CONVERSION = YES;
				CLANG_WARN_COMMA = YES;
				CLANG_WARN_CONSTANT_CONVERSION = YES;
				CLANG_WARN_DEPRECATED_OBJC_IMPLEMENTATIONS = YES;
				CLANG_WARN_DIRECT_OBJC_ISA_USAGE = YES_ERROR;
				CLANG_WARN_DOCUMENTATION_COMMENTS = YES;
				CLANG_WARN_EMPTY_BODY = YES;
				CLANG_WARN_ENUM_CONVERSION = YES;
				CLANG_WARN_INFINITE_RECURSION = YES;
				CLANG_WARN_INT_CONVERSION = YES;
				CLANG_WARN_NON_LITERAL_NULL_CONVERSION = YES;
				CLANG_WARN_OBJC_IMPLICIT_RETAIN_SELF = YES;
				CLANG_WARN_OBJC_LITERAL_CONVERSION = YES;
				CLANG_WARN_OBJC_ROOT_CLASS = YES_ERROR;
				CLANG_WARN_QUOTED_INCLUDE_IN_FRAMEWORK_HEADER = YES;
				CLANG_WARN_RANGE_LOOP_ANALYSIS = YES;
				CLANG_WARN_STRICT_PROTOTYPES = YES;
				CLANG_WARN_SUSPICIOUS_MOVE = YES;
				CLANG_WARN_UNGUARDED_AVAILABILITY = YES_AGGRESSIVE;
				CLANG_WARN_UNREACHABLE_CODE = YES;
				CLANG_WARN__DUPLICATE_METHOD_MATCH = YES;
				COPY_PHASE_STRIP = NO;
				DEBUG_INFORMATION_FORMAT = "dwarf-with-dsym";
				ENABLE_NS_ASSERTIONS = NO;
				ENABLE_STRICT_OBJC_MSGSEND = YES;
				GCC_C_LANGUAGE_STANDARD = gnu11;
				GCC_NO_COMMON_BLOCKS = YES;
				GCC_WARN_64_TO_32_BIT_CONVERSION = YES;
				GCC_WARN_ABOUT_RETURN_TYPE = YES_ERROR;
				GCC_WARN_UNDECLARED_SELECTOR = YES;
				GCC_WARN_UNINITIALIZED_AUTOS = YES_AGGRESSIVE;
				GCC_WARN_UNUSED_FUNCTION = YES;
				GCC_WARN_UNUSED_VARIABLE = YES;
				IPHONEOS_DEPLOYMENT_TARGET = 16.4;
				MTL_ENABLE_DEBUG_INFO = NO;
				MTL_FAST_MATH = YES;
				SDKROOT = iphoneos;
				SWIFT_COMPILATION_MODE = wholemodule;
				SWIFT_OPTIMIZATION_LEVEL = "-O";
				VALIDATE_PRODUCT = YES;
			};
			name = Release;
		};
		574253522AA2DA310015A9C6 /* Debug */ = {
			isa = XCBuildConfiguration;
			buildSettings = {
				ASSETCATALOG_COMPILER_APPICON_NAME = AppIcon;
				ASSETCATALOG_COMPILER_GLOBAL_ACCENT_COLOR_NAME = AccentColor;
				CODE_SIGN_STYLE = Automatic;
				CURRENT_PROJECT_VERSION = 1;
				DEVELOPMENT_ASSET_PATHS = "\"News/Preview Content\"";
				DEVELOPMENT_TEAM = XP8B6WBPCD;
				ENABLE_PREVIEWS = YES;
				GENERATE_INFOPLIST_FILE = YES;
				INFOPLIST_KEY_UIApplicationSceneManifest_Generation = YES;
				INFOPLIST_KEY_UIApplicationSupportsIndirectInputEvents = YES;
				INFOPLIST_KEY_UILaunchScreen_Generation = YES;
				INFOPLIST_KEY_UISupportedInterfaceOrientations_iPad = "UIInterfaceOrientationPortrait UIInterfaceOrientationPortraitUpsideDown UIInterfaceOrientationLandscapeLeft UIInterfaceOrientationLandscapeRight";
				INFOPLIST_KEY_UISupportedInterfaceOrientations_iPhone = "UIInterfaceOrientationPortrait UIInterfaceOrientationLandscapeLeft UIInterfaceOrientationLandscapeRight";
				LD_RUNPATH_SEARCH_PATHS = (
					"$(inherited)",
					"@executable_path/Frameworks",
				);
				MARKETING_VERSION = 1.0;
				PRODUCT_BUNDLE_IDENTIFIER = "N-A.News";
				PRODUCT_NAME = "$(TARGET_NAME)";
				SWIFT_EMIT_LOC_STRINGS = YES;
				SWIFT_VERSION = 5.0;
				TARGETED_DEVICE_FAMILY = "1,2";
			};
			name = Debug;
		};
		574253532AA2DA310015A9C6 /* Release */ = {
			isa = XCBuildConfiguration;
			buildSettings = {
				ASSETCATALOG_COMPILER_APPICON_NAME = AppIcon;
				ASSETCATALOG_COMPILER_GLOBAL_ACCENT_COLOR_NAME = AccentColor;
				CODE_SIGN_STYLE = Automatic;
				CURRENT_PROJECT_VERSION = 1;
				DEVELOPMENT_ASSET_PATHS = "\"News/Preview Content\"";
				DEVELOPMENT_TEAM = XP8B6WBPCD;
				ENABLE_PREVIEWS = YES;
				GENERATE_INFOPLIST_FILE = YES;
				INFOPLIST_KEY_UIApplicationSceneManifest_Generation = YES;
				INFOPLIST_KEY_UIApplicationSupportsIndirectInputEvents = YES;
				INFOPLIST_KEY_UILaunchScreen_Generation = YES;
				INFOPLIST_KEY_UISupportedInterfaceOrientations_iPad = "UIInterfaceOrientationPortrait UIInterfaceOrientationPortraitUpsideDown UIInterfaceOrientationLandscapeLeft UIInterfaceOrientationLandscapeRight";
				INFOPLIST_KEY_UISupportedInterfaceOrientations_iPhone = "UIInterfaceOrientationPortrait UIInterfaceOrientationLandscapeLeft UIInterfaceOrientationLandscapeRight";
				LD_RUNPATH_SEARCH_PATHS = (
					"$(inherited)",
					"@executable_path/Frameworks",
				);
				MARKETING_VERSION = 1.0;
				PRODUCT_BUNDLE_IDENTIFIER = "N-A.News";
				PRODUCT_NAME = "$(TARGET_NAME)";
				SWIFT_EMIT_LOC_STRINGS = YES;
				SWIFT_VERSION = 5.0;
				TARGETED_DEVICE_FAMILY = "1,2";
			};
			name = Release;
		};
		574253552AA2DA310015A9C6 /* Debug */ = {
			isa = XCBuildConfiguration;
			buildSettings = {
				ALWAYS_EMBED_SWIFT_STANDARD_LIBRARIES = YES;
				BUNDLE_LOADER = "$(TEST_HOST)";
				CODE_SIGN_STYLE = Automatic;
				CURRENT_PROJECT_VERSION = 1;
				DEVELOPMENT_TEAM = XP8B6WBPCD;
				GENERATE_INFOPLIST_FILE = YES;
				IPHONEOS_DEPLOYMENT_TARGET = 16.4;
				MARKETING_VERSION = 1.0;
				PRODUCT_BUNDLE_IDENTIFIER = "N-A.NewsTests";
				PRODUCT_NAME = "$(TARGET_NAME)";
				SWIFT_EMIT_LOC_STRINGS = NO;
				SWIFT_VERSION = 5.0;
				TARGETED_DEVICE_FAMILY = "1,2";
				TEST_HOST = "$(BUILT_PRODUCTS_DIR)/News.app/$(BUNDLE_EXECUTABLE_FOLDER_PATH)/News";
			};
			name = Debug;
		};
		574253562AA2DA310015A9C6 /* Release */ = {
			isa = XCBuildConfiguration;
			buildSettings = {
				ALWAYS_EMBED_SWIFT_STANDARD_LIBRARIES = YES;
				BUNDLE_LOADER = "$(TEST_HOST)";
				CODE_SIGN_STYLE = Automatic;
				CURRENT_PROJECT_VERSION = 1;
				DEVELOPMENT_TEAM = XP8B6WBPCD;
				GENERATE_INFOPLIST_FILE = YES;
				IPHONEOS_DEPLOYMENT_TARGET = 16.4;
				MARKETING_VERSION = 1.0;
				PRODUCT_BUNDLE_IDENTIFIER = "N-A.NewsTests";
				PRODUCT_NAME = "$(TARGET_NAME)";
				SWIFT_EMIT_LOC_STRINGS = NO;
				SWIFT_VERSION = 5.0;
				TARGETED_DEVICE_FAMILY = "1,2";
				TEST_HOST = "$(BUILT_PRODUCTS_DIR)/News.app/$(BUNDLE_EXECUTABLE_FOLDER_PATH)/News";
			};
			name = Release;
		};
		574253582AA2DA310015A9C6 /* Debug */ = {
			isa = XCBuildConfiguration;
			buildSettings = {
				ALWAYS_EMBED_SWIFT_STANDARD_LIBRARIES = YES;
				CODE_SIGN_STYLE = Automatic;
				CURRENT_PROJECT_VERSION = 1;
				DEVELOPMENT_TEAM = XP8B6WBPCD;
				GENERATE_INFOPLIST_FILE = YES;
				MARKETING_VERSION = 1.0;
				PRODUCT_BUNDLE_IDENTIFIER = "N-A.NewsUITests";
				PRODUCT_NAME = "$(TARGET_NAME)";
				SWIFT_EMIT_LOC_STRINGS = NO;
				SWIFT_VERSION = 5.0;
				TARGETED_DEVICE_FAMILY = "1,2";
				TEST_TARGET_NAME = News;
			};
			name = Debug;
		};
		574253592AA2DA310015A9C6 /* Release */ = {
			isa = XCBuildConfiguration;
			buildSettings = {
				ALWAYS_EMBED_SWIFT_STANDARD_LIBRARIES = YES;
				CODE_SIGN_STYLE = Automatic;
				CURRENT_PROJECT_VERSION = 1;
				DEVELOPMENT_TEAM = XP8B6WBPCD;
				GENERATE_INFOPLIST_FILE = YES;
				MARKETING_VERSION = 1.0;
				PRODUCT_BUNDLE_IDENTIFIER = "N-A.NewsUITests";
				PRODUCT_NAME = "$(TARGET_NAME)";
				SWIFT_EMIT_LOC_STRINGS = NO;
				SWIFT_VERSION = 5.0;
				TARGETED_DEVICE_FAMILY = "1,2";
				TEST_TARGET_NAME = News;
			};
			name = Release;
		};
/* End XCBuildConfiguration section */

/* Begin XCConfigurationList section */
		574253282AA2DA2F0015A9C6 /* Build configuration list for PBXProject "News" */ = {
			isa = XCConfigurationList;
			buildConfigurations = (
				5742534F2AA2DA310015A9C6 /* Debug */,
				574253502AA2DA310015A9C6 /* Release */,
			);
			defaultConfigurationIsVisible = 0;
			defaultConfigurationName = Release;
		};
		574253512AA2DA310015A9C6 /* Build configuration list for PBXNativeTarget "News" */ = {
			isa = XCConfigurationList;
			buildConfigurations = (
				574253522AA2DA310015A9C6 /* Debug */,
				574253532AA2DA310015A9C6 /* Release */,
			);
			defaultConfigurationIsVisible = 0;
			defaultConfigurationName = Release;
		};
		574253542AA2DA310015A9C6 /* Build configuration list for PBXNativeTarget "NewsTests" */ = {
			isa = XCConfigurationList;
			buildConfigurations = (
				574253552AA2DA310015A9C6 /* Debug */,
				574253562AA2DA310015A9C6 /* Release */,
			);
			defaultConfigurationIsVisible = 0;
			defaultConfigurationName = Release;
		};
		574253572AA2DA310015A9C6 /* Build configuration list for PBXNativeTarget "NewsUITests" */ = {
			isa = XCConfigurationList;
			buildConfigurations = (
				574253582AA2DA310015A9C6 /* Debug */,
				574253592AA2DA310015A9C6 /* Release */,
			);
			defaultConfigurationIsVisible = 0;
			defaultConfigurationName = Release;
		};
/* End XCConfigurationList section */
	};
	rootObject = 574253252AA2DA2F0015A9C6 /* Project object */;
}
